
Microsoft Visual Studio Solution File, Format Version 12.00
# Visual Studio Version 16
VisualStudioVersion = 16.0.29728.190
MinimumVisualStudioVersion = 10.0.40219.1
Project("{FAE04EC0-301F-11D3-BF4B-00C04F79EFBC}") = "CoffeeShop", "CoffeeShop\CoffeeShop.csproj", "{34E4F0D8-00D7-4CE8-8A5E-A902DB91064D}"
EndProject
Global
	GlobalSection(SolutionConfigurationPlatforms) = preSolution
		Debug|Any CPU = Debug|Any CPU
		Release|Any CPU = Release|Any CPU
	EndGlobalSection
	GlobalSection(ProjectConfigurationPlatforms) = postSolution
		{34E4F0D8-00D7-4CE8-8A5E-A902DB91064D}.Debug|Any CPU.ActiveCfg = Debug|Any CPU
		{34E4F0D8-00D7-4CE8-8A5E-A902DB91064D}.Debug|Any CPU.Build.0 = Debug|Any CPU
		{34E4F0D8-00D7-4CE8-8A5E-A902DB91064D}.Release|Any CPU.ActiveCfg = Release|Any CPU
		{34E4F0D8-00D7-4CE8-8A5E-A902DB91064D}.Release|Any CPU.Build.0 = Release|Any CPU
	EndGlobalSection
	GlobalSection(SolutionProperties) = preSolution
		HideSolutionNode = FALSE
	EndGlobalSection
	GlobalSection(ExtensibilityGlobals) = postSolution
		SolutionGuid = {BD20CE1C-33B6-4994-9069-B282F6FF15A3}
	EndGlobalSection
EndGlobal
